{
  "requires": true,
  "lockfileVersion": 1,
  "dependencies": {
    "onesignal-cordova-plugin": {
      "version": "2.4.6",
      "resolved": "https://registry.npmjs.org/onesignal-cordova-plugin/-/onesignal-cordova-plugin-2.4.6.tgz",
      "integrity": "sha512-g8N10TBgkZtrSup5VxaWMTHRP8X6CfguM+kZHMgJ1aBdLBBTMgEMbunxxRjblqMJ6WyYNS3u510x66BYlJnPBg=="
    }
  }
}
